
Microsoft Visual Studio Solution File, Format Version 12.00
# Visual Studio 2012
Project("{FAE04EC0-301F-11D3-BF4B-00C04F79EFBC}") = "Dotnet_JOB_Client", "Dotnet_JOB_Client\Dotnet_JOB_Client.csproj", "{1688A842-77E5-4059-8B16-4AC123CA858A}"
EndProject
Global
	GlobalSection(SolutionConfigurationPlatforms) = preSolution
		Debug|Any CPU = Debug|Any CPU
		Release|Any CPU = Release|Any CPU
	EndGlobalSection
	GlobalSection(ProjectConfigurationPlatforms) = postSolution
		{1688A842-77E5-4059-8B16-4AC123CA858A}.Debug|Any CPU.ActiveCfg = Debug|Any CPU
		{1688A842-77E5-4059-8B16-4AC123CA858A}.Debug|Any CPU.Build.0 = Debug|Any CPU
		{1688A842-77E5-4059-8B16-4AC123CA858A}.Release|Any CPU.ActiveCfg = Release|Any CPU
		{1688A842-77E5-4059-8B16-4AC123CA858A}.Release|Any CPU.Build.0 = Release|Any CPU
	EndGlobalSection
EndGlobal
